// !$*UTF8*$!
{
	archiveVersion = 1;
	classes = {
	};
	objectVersion = 50;
	objects = {

/* Begin PBXBuildFile section */
		0703ED2524E8D0DA002EF1B4 /* func importChanges.swift in Sources */ = {isa = PBXBuildFile; fileRef = 0703ED2424E8D0DA002EF1B4 /* func importChanges.swift */; };
		0706ABE124D947850090EB21 /* AlbumMoverClipboard.swift in Sources */ = {isa = PBXBuildFile; fileRef = 0706ABE024D947850090EB21 /* AlbumMoverClipboard.swift */; };
		070E194124F33FC800B21307 /* Editing - CollectionsTVC.swift in Sources */ = {isa = PBXBuildFile; fileRef = 070E194024F33FC800B21307 /* Editing - CollectionsTVC.swift */; };
		07140605259D6958003CA92C /* UserDefaults.swift in Sources */ = {isa = PBXBuildFile; fileRef = 07140604259D6958003CA92C /* UserDefaults.swift */; };
		071701FF250AAE0E00CBC4C5 /* Notifications - SongsTVC.swift in Sources */ = {isa = PBXBuildFile; fileRef = 071701FE250AAE0E00CBC4C5 /* Notifications - SongsTVC.swift */; };
		07170201250B3E9700CBC4C5 /* Notifications - CollectionsTVC.swift in Sources */ = {isa = PBXBuildFile; fileRef = 07170200250B3E9700CBC4C5 /* Notifications - CollectionsTVC.swift */; };
		0719B57C2511A61F00748371 /* protocol PlaybackToolbarManager.swift in Sources */ = {isa = PBXBuildFile; fileRef = 0719B57B2511A61F00748371 /* protocol PlaybackToolbarManager.swift */; };
		0719B57E2511CD4E00748371 /* PlaybackToolbarManager - LibraryTVC.swift in Sources */ = {isa = PBXBuildFile; fileRef = 0719B57D2511CD4E00748371 /* PlaybackToolbarManager - LibraryTVC.swift */; };
		072017132557987E0019CA3E /* NowPlayingIndicatorManager - SongsTVC.swift in Sources */ = {isa = PBXBuildFile; fileRef = 072017122557987E0019CA3E /* NowPlayingIndicatorManager - SongsTVC.swift */; };
		0720A43525017C6C00E0A28A /* Notifications - AlbumsTVC.swift in Sources */ = {isa = PBXBuildFile; fileRef = 0720A43425017C6C00E0A28A /* Notifications - AlbumsTVC.swift */; };
		072429C424DC786500F62AF6 /* extension UITableView.swift in Sources */ = {isa = PBXBuildFile; fileRef = 072429C324DC786500F62AF6 /* extension UITableView.swift */; };
		07267A2025537C5800C914A3 /* PlayerControllerManager.swift in Sources */ = {isa = PBXBuildFile; fileRef = 07267A1F25537C5800C914A3 /* PlayerControllerManager.swift */; };
		0731ADA02592F2300077C895 /* extension UIBarButtonItem.swift in Sources */ = {isa = PBXBuildFile; fileRef = 0731AD9F2592F2300077C895 /* extension UIBarButtonItem.swift */; };
		0736E3A724B8415400A15420 /* Views - AlbumsTVC.swift in Sources */ = {isa = PBXBuildFile; fileRef = 0736E3A624B8415400A15420 /* Views - AlbumsTVC.swift */; };
		0736E3EA24B95FD600A15420 /* extension Album.swift in Sources */ = {isa = PBXBuildFile; fileRef = 0736E3E924B95FD600A15420 /* extension Album.swift */; };
		073AF48A24D16647000C1A6D /* AccentColor.swift in Sources */ = {isa = PBXBuildFile; fileRef = 073AF48924D16647000C1A6D /* AccentColor.swift */; };
		073AF48F24D1AD73000C1A6D /* OptionsTVC.swift in Sources */ = {isa = PBXBuildFile; fileRef = 073AF48E24D1AD73000C1A6D /* OptionsTVC.swift */; };
		073CDBF324B82BBB00F6D2B1 /* Views - SongsTVC.swift in Sources */ = {isa = PBXBuildFile; fileRef = 073CDBF224B82BBB00F6D2B1 /* Views - SongsTVC.swift */; };
		073E6A8725562B93003C84A5 /* Views - CollectionsTVC.swift in Sources */ = {isa = PBXBuildFile; fileRef = 073E6A8625562B93003C84A5 /* Views - CollectionsTVC.swift */; };
		073E6A9225574B99003C84A5 /* protocol NowPlayingIndicator.swift in Sources */ = {isa = PBXBuildFile; fileRef = 073E6A9125574B98003C84A5 /* protocol NowPlayingIndicator.swift */; };
		075218A2257C498D0077AE9B /* LocalizedString.swift in Sources */ = {isa = PBXBuildFile; fileRef = 075218A1257C498D0077AE9B /* LocalizedString.swift */; };
		075218AD257C4C0C0077AE9B /* Main.storyboard in Resources */ = {isa = PBXBuildFile; fileRef = 075218AF257C4C0C0077AE9B /* Main.storyboard */; };
		075218B7257C52390077AE9B /* InfoPlist.strings in Resources */ = {isa = PBXBuildFile; fileRef = 075218B5257C52390077AE9B /* InfoPlist.strings */; };
		075218BA257C52390077AE9B /* Localizable.strings in Resources */ = {isa = PBXBuildFile; fileRef = 075218B8257C52390077AE9B /* Localizable.strings */; };
		0765170224DFBF3C0070D77E /* MovedAlbumsToNewCollectionDetector.swift in Sources */ = {isa = PBXBuildFile; fileRef = 0765170124DFBF3C0070D77E /* MovedAlbumsToNewCollectionDetector.swift */; };
		0768308924B42DEC0033E3CC /* AppDelegate.swift in Sources */ = {isa = PBXBuildFile; fileRef = 0768308824B42DEC0033E3CC /* AppDelegate.swift */; };
		0768308B24B42DEC0033E3CC /* SceneDelegate.swift in Sources */ = {isa = PBXBuildFile; fileRef = 0768308A24B42DEC0033E3CC /* SceneDelegate.swift */; };
		0768309324B42DEC0033E3CC /* LavaRock.xcdatamodeld in Sources */ = {isa = PBXBuildFile; fileRef = 0768309124B42DEC0033E3CC /* LavaRock.xcdatamodeld */; };
		0768309824B42DEE0033E3CC /* LaunchScreen.storyboard in Resources */ = {isa = PBXBuildFile; fileRef = 0768309624B42DEE0033E3CC /* LaunchScreen.storyboard */; };
		076830A324B42DEE0033E3CC /* LavaRockTests.swift in Sources */ = {isa = PBXBuildFile; fileRef = 076830A224B42DEE0033E3CC /* LavaRockTests.swift */; };
		076830AE24B42DEF0033E3CC /* LavaRockUITests.swift in Sources */ = {isa = PBXBuildFile; fileRef = 076830AD24B42DEF0033E3CC /* LavaRockUITests.swift */; };
		076830C524B42E3F0033E3CC /* LibraryTVC.swift in Sources */ = {isa = PBXBuildFile; fileRef = 076830BB24B42E3E0033E3CC /* LibraryTVC.swift */; };
		076830C824B42E400033E3CC /* AlbumsTVC.swift in Sources */ = {isa = PBXBuildFile; fileRef = 076830BE24B42E3E0033E3CC /* AlbumsTVC.swift */; };
		076830C924B42E400033E3CC /* CollectionsTVC.swift in Sources */ = {isa = PBXBuildFile; fileRef = 076830BF24B42E3F0033E3CC /* CollectionsTVC.swift */; };
		076830CA24B42E400033E3CC /* SongsTVC.swift in Sources */ = {isa = PBXBuildFile; fileRef = 076830C024B42E3F0033E3CC /* SongsTVC.swift */; };
		076830CD24B42E400033E3CC /* extension UITableViewController.swift in Sources */ = {isa = PBXBuildFile; fileRef = 076830C324B42E3F0033E3CC /* extension UITableViewController.swift */; };
		076830D024B42E520033E3CC /* Assets.xcassets in Resources */ = {isa = PBXBuildFile; fileRef = 076830CF24B42E510033E3CC /* Assets.xcassets */; };
		077E089824FB7AFF007C2479 /* Notifications - LibraryTVC.swift in Sources */ = {isa = PBXBuildFile; fileRef = 077E089724FB7AFE007C2479 /* Notifications - LibraryTVC.swift */; };
		0781F1F12599181800781CF8 /* StoreKit.framework in Frameworks */ = {isa = PBXBuildFile; fileRef = 0781F1F02599181800781CF8 /* StoreKit.framework */; };
		0781F1FA25991B3300781CF8 /* UITableView - OptionsTVC.swift in Sources */ = {isa = PBXBuildFile; fileRef = 0781F1F925991B3300781CF8 /* UITableView - OptionsTVC.swift */; };
		078307B42512BC59005CDA67 /* AlbumMoverDelegate - AlbumsTVC.swift in Sources */ = {isa = PBXBuildFile; fileRef = 078307B32512BC59005CDA67 /* AlbumMoverDelegate - AlbumsTVC.swift */; };
		07865B252566FBC600DBEB26 /* NowPlayingIndicatorManager - AlbumsTVC.swift in Sources */ = {isa = PBXBuildFile; fileRef = 07865B242566FBC600DBEB26 /* NowPlayingIndicatorManager - AlbumsTVC.swift */; };
		07865B322567031C00DBEB26 /* NowPlayingIndicatorManager - CollectionsTVC.swift in Sources */ = {isa = PBXBuildFile; fileRef = 07865B312567031C00DBEB26 /* NowPlayingIndicatorManager - CollectionsTVC.swift */; };
		079B2C9524E227BF00A949FA /* MusicLibraryManager.swift in Sources */ = {isa = PBXBuildFile; fileRef = 079B2C9424E227BF00A949FA /* MusicLibraryManager.swift */; };
		07A3FBCF258EB9B2000B450E /* extension UIFont.swift in Sources */ = {isa = PBXBuildFile; fileRef = 07A3FBCE258EB9B2000B450E /* extension UIFont.swift */; };
		07A4F9052519E72C0065C87E /* func updateManagedObjects.swift in Sources */ = {isa = PBXBuildFile; fileRef = 07A4F9042519E72C0065C87E /* func updateManagedObjects.swift */; };
		07A4F90A2519E7D20065C87E /* func createManagedObjects.swift in Sources */ = {isa = PBXBuildFile; fileRef = 07A4F9092519E7D20065C87E /* func createManagedObjects.swift */; };
		07A4F90F2519E8410065C87E /* func deleteManagedObjects.swift in Sources */ = {isa = PBXBuildFile; fileRef = 07A4F90E2519E8410065C87E /* func deleteManagedObjects.swift */; };
		07AE2AA4258C09D900C3A314 /* extension Collection.swift in Sources */ = {isa = PBXBuildFile; fileRef = 07AE2AA3258C09D900C3A314 /* extension Collection.swift */; };
		07BF46D624EEFDC800A663D7 /* protocol NavigationItemTitleCustomizer.swift in Sources */ = {isa = PBXBuildFile; fileRef = 07BF46D524EEFDC800A663D7 /* protocol NavigationItemTitleCustomizer.swift */; };
		07CAB24724EA227F008AC34C /* extension Song.swift in Sources */ = {isa = PBXBuildFile; fileRef = 07CAB24624EA227F008AC34C /* extension Song.swift */; };
		07D157ED24D952A600FDF26A /* protocol AlbumMover.swift in Sources */ = {isa = PBXBuildFile; fileRef = 07D157EC24D952A600FDF26A /* protocol AlbumMover.swift */; };
		07D9DBF4257C9CA2007EEB87 /* Localizable.stringsdict in Resources */ = {isa = PBXBuildFile; fileRef = 07D9DBF6257C9CA2007EEB87 /* Localizable.stringsdict */; };
		07DC1B1A24F20C9E00AAEEDB /* extension NSManagedObjectContext.swift in Sources */ = {isa = PBXBuildFile; fileRef = 07DC1B1924F20C9E00AAEEDB /* extension NSManagedObjectContext.swift */; };
		07DC1B1D24F339E000AAEEDB /* Editing - LibraryTVC.swift in Sources */ = {isa = PBXBuildFile; fileRef = 07DC1B1C24F339E000AAEEDB /* Editing - LibraryTVC.swift */; };
		07DC1B2024F33C8C00AAEEDB /* “Moving Albums” Mode - CollectionsTVC.swift in Sources */ = {isa = PBXBuildFile; fileRef = 07DC1B1F24F33C8C00AAEEDB /* “Moving Albums” Mode - CollectionsTVC.swift */; };
		07DC1B2324F33E0500AAEEDB /* “Moving Albums” Mode - AlbumsTVC.swift in Sources */ = {isa = PBXBuildFile; fileRef = 07DC1B2224F33E0400AAEEDB /* “Moving Albums” Mode - AlbumsTVC.swift */; };
		07E92A0E2510497B00E9073B /* Song Actions.swift in Sources */ = {isa = PBXBuildFile; fileRef = 07E92A0D2510497B00E9073B /* Song Actions.swift */; };
		07E92A142510682C00E9073B /* extension Notification.Name.swift in Sources */ = {isa = PBXBuildFile; fileRef = 07E92A132510682C00E9073B /* extension Notification.Name.swift */; };
		07F1B91925F15EDB008591C7 /* SectionOfLibraryItems.swift in Sources */ = {isa = PBXBuildFile; fileRef = 07F1B91825F15EDB008591C7 /* SectionOfLibraryItems.swift */; };
		07F36BBE24FC3CCA0064282D /* UITableView - LibraryTVC.swift in Sources */ = {isa = PBXBuildFile; fileRef = 07F36BBD24FC3CCA0064282D /* UITableView - LibraryTVC.swift */; };
		07F36BC224FC3F450064282D /* UITableView - CollectionsTVC.swift in Sources */ = {isa = PBXBuildFile; fileRef = 07F36BC124FC3F450064282D /* UITableView - CollectionsTVC.swift */; };
		07F36BC624FC3FE40064282D /* UITableView - AlbumsTVC.swift in Sources */ = {isa = PBXBuildFile; fileRef = 07F36BC524FC3FE40064282D /* UITableView - AlbumsTVC.swift */; };
		07F36BC824FC400E0064282D /* UITableView - SongsTVC.swift in Sources */ = {isa = PBXBuildFile; fileRef = 07F36BC724FC400E0064282D /* UITableView - SongsTVC.swift */; };
		07FD6E0A2599227C00826447 /* PurchaseManager.swift in Sources */ = {isa = PBXBuildFile; fileRef = 07FD6E092599227C00826447 /* PurchaseManager.swift */; };
		07FD6E122599246700826447 /* PurchaseManagerTipDelegate - OptionsTVC.swift in Sources */ = {isa = PBXBuildFile; fileRef = 07FD6E112599246700826447 /* PurchaseManagerTipDelegate - OptionsTVC.swift */; };
		07FD6E17259925EF00826447 /* Views - OptionsTVC.swift in Sources */ = {isa = PBXBuildFile; fileRef = 07FD6E16259925EF00826447 /* Views - OptionsTVC.swift */; };
/* End PBXBuildFile section */

/* Begin PBXContainerItemProxy section */
		0768309F24B42DEE0033E3CC /* PBXContainerItemProxy */ = {
			isa = PBXContainerItemProxy;
			containerPortal = 0768307D24B42DEC0033E3CC /* Project object */;
			proxyType = 1;
			remoteGlobalIDString = 0768308424B42DEC0033E3CC;
			remoteInfo = LavaRock;
		};
		076830AA24B42DEF0033E3CC /* PBXContainerItemProxy */ = {
			isa = PBXContainerItemProxy;
			containerPortal = 0768307D24B42DEC0033E3CC /* Project object */;
			proxyType = 1;
			remoteGlobalIDString = 0768308424B42DEC0033E3CC;
			remoteInfo = LavaRock;
		};
/* End PBXContainerItemProxy section */

/* Begin PBXFileReference section */
		0703ED2424E8D0DA002EF1B4 /* func importChanges.swift */ = {isa = PBXFileReference; lastKnownFileType = sourcecode.swift; path = "func importChanges.swift"; sourceTree = "<group>"; };
		0706ABE024D947850090EB21 /* AlbumMoverClipboard.swift */ = {isa = PBXFileReference; lastKnownFileType = sourcecode.swift; path = AlbumMoverClipboard.swift; sourceTree = "<group>"; };
		070E194024F33FC800B21307 /* Editing - CollectionsTVC.swift */ = {isa = PBXFileReference; lastKnownFileType = sourcecode.swift; path = "Editing - CollectionsTVC.swift"; sourceTree = "<group>"; };
		07140604259D6958003CA92C /* UserDefaults.swift */ = {isa = PBXFileReference; lastKnownFileType = sourcecode.swift; path = UserDefaults.swift; sourceTree = "<group>"; };
		071701FE250AAE0E00CBC4C5 /* Notifications - SongsTVC.swift */ = {isa = PBXFileReference; lastKnownFileType = sourcecode.swift; path = "Notifications - SongsTVC.swift"; sourceTree = "<group>"; };
		07170200250B3E9700CBC4C5 /* Notifications - CollectionsTVC.swift */ = {isa = PBXFileReference; lastKnownFileType = sourcecode.swift; path = "Notifications - CollectionsTVC.swift"; sourceTree = "<group>"; };
		0719B57B2511A61F00748371 /* protocol PlaybackToolbarManager.swift */ = {isa = PBXFileReference; lastKnownFileType = sourcecode.swift; path = "protocol PlaybackToolbarManager.swift"; sourceTree = "<group>"; };
		0719B57D2511CD4E00748371 /* PlaybackToolbarManager - LibraryTVC.swift */ = {isa = PBXFileReference; lastKnownFileType = sourcecode.swift; path = "PlaybackToolbarManager - LibraryTVC.swift"; sourceTree = "<group>"; };
		072017122557987E0019CA3E /* NowPlayingIndicatorManager - SongsTVC.swift */ = {isa = PBXFileReference; lastKnownFileType = sourcecode.swift; path = "NowPlayingIndicatorManager - SongsTVC.swift"; sourceTree = "<group>"; };
		0720A43425017C6C00E0A28A /* Notifications - AlbumsTVC.swift */ = {isa = PBXFileReference; lastKnownFileType = sourcecode.swift; path = "Notifications - AlbumsTVC.swift"; sourceTree = "<group>"; };
		072429C324DC786500F62AF6 /* extension UITableView.swift */ = {isa = PBXFileReference; lastKnownFileType = sourcecode.swift; path = "extension UITableView.swift"; sourceTree = "<group>"; };
		07267A1F25537C5800C914A3 /* PlayerControllerManager.swift */ = {isa = PBXFileReference; lastKnownFileType = sourcecode.swift; path = PlayerControllerManager.swift; sourceTree = "<group>"; };
		0731AD9F2592F2300077C895 /* extension UIBarButtonItem.swift */ = {isa = PBXFileReference; lastKnownFileType = sourcecode.swift; path = "extension UIBarButtonItem.swift"; sourceTree = "<group>"; };
		0732DDBF257F046F005FBEA7 /* zh-Hans */ = {isa = PBXFileReference; lastKnownFileType = text.plist.strings; name = "zh-Hans"; path = "zh-Hans.lproj/InfoPlist.strings"; sourceTree = "<group>"; };
		0732DDC0257F046F005FBEA7 /* zh-Hans */ = {isa = PBXFileReference; lastKnownFileType = text.plist.strings; name = "zh-Hans"; path = "zh-Hans.lproj/Localizable.strings"; sourceTree = "<group>"; };
		0732DDC1257F046F005FBEA7 /* zh-Hans */ = {isa = PBXFileReference; lastKnownFileType = text.plist.stringsdict; name = "zh-Hans"; path = "zh-Hans.lproj/Localizable.stringsdict"; sourceTree = "<group>"; };
		0732DDC2257F046F005FBEA7 /* zh-Hans */ = {isa = PBXFileReference; lastKnownFileType = text.plist.strings; name = "zh-Hans"; path = "zh-Hans.lproj/Main.strings"; sourceTree = "<group>"; };
		0736E3A624B8415400A15420 /* Views - AlbumsTVC.swift */ = {isa = PBXFileReference; lastKnownFileType = sourcecode.swift; path = "Views - AlbumsTVC.swift"; sourceTree = "<group>"; };
		0736E3E924B95FD600A15420 /* extension Album.swift */ = {isa = PBXFileReference; lastKnownFileType = sourcecode.swift; path = "extension Album.swift"; sourceTree = "<group>"; };
		073AF48924D16647000C1A6D /* AccentColor.swift */ = {isa = PBXFileReference; lastKnownFileType = sourcecode.swift; path = AccentColor.swift; sourceTree = "<group>"; };
		073AF48E24D1AD73000C1A6D /* OptionsTVC.swift */ = {isa = PBXFileReference; lastKnownFileType = sourcecode.swift; path = OptionsTVC.swift; sourceTree = "<group>"; };
		073CDBF224B82BBB00F6D2B1 /* Views - SongsTVC.swift */ = {isa = PBXFileReference; lastKnownFileType = sourcecode.swift; path = "Views - SongsTVC.swift"; sourceTree = "<group>"; };
		073E6A8625562B93003C84A5 /* Views - CollectionsTVC.swift */ = {isa = PBXFileReference; lastKnownFileType = sourcecode.swift; path = "Views - CollectionsTVC.swift"; sourceTree = "<group>"; };
		073E6A9125574B98003C84A5 /* protocol NowPlayingIndicator.swift */ = {isa = PBXFileReference; lastKnownFileType = sourcecode.swift; path = "protocol NowPlayingIndicator.swift"; sourceTree = "<group>"; };
		075218A1257C498D0077AE9B /* LocalizedString.swift */ = {isa = PBXFileReference; lastKnownFileType = sourcecode.swift; path = LocalizedString.swift; sourceTree = "<group>"; };
		075218AE257C4C0C0077AE9B /* Base */ = {isa = PBXFileReference; lastKnownFileType = file.storyboard; name = Base; path = Base.lproj/Main.storyboard; sourceTree = "<group>"; };
		075218B1257C4C410077AE9B /* zh-Hant */ = {isa = PBXFileReference; lastKnownFileType = text.plist.strings; name = "zh-Hant"; path = "zh-Hant.lproj/Main.strings"; sourceTree = "<group>"; };
		075218B6257C52390077AE9B /* zh-Hant */ = {isa = PBXFileReference; lastKnownFileType = text.plist.strings; name = "zh-Hant"; path = "zh-Hant.lproj/InfoPlist.strings"; sourceTree = "<group>"; };
		075218B9257C52390077AE9B /* zh-Hant */ = {isa = PBXFileReference; lastKnownFileType = text.plist.strings; name = "zh-Hant"; path = "zh-Hant.lproj/Localizable.strings"; sourceTree = "<group>"; };
		0765170124DFBF3C0070D77E /* MovedAlbumsToNewCollectionDetector.swift */ = {isa = PBXFileReference; lastKnownFileType = sourcecode.swift; path = MovedAlbumsToNewCollectionDetector.swift; sourceTree = "<group>"; };
		0768308524B42DEC0033E3CC /* LavaRock.app */ = {isa = PBXFileReference; explicitFileType = wrapper.application; includeInIndex = 0; path = LavaRock.app; sourceTree = BUILT_PRODUCTS_DIR; };
		0768308824B42DEC0033E3CC /* AppDelegate.swift */ = {isa = PBXFileReference; lastKnownFileType = sourcecode.swift; path = AppDelegate.swift; sourceTree = "<group>"; };
		0768308A24B42DEC0033E3CC /* SceneDelegate.swift */ = {isa = PBXFileReference; lastKnownFileType = sourcecode.swift; path = SceneDelegate.swift; sourceTree = "<group>"; };
		0768309224B42DEC0033E3CC /* LavaRock.xcdatamodel */ = {isa = PBXFileReference; lastKnownFileType = wrapper.xcdatamodel; path = LavaRock.xcdatamodel; sourceTree = "<group>"; };
		0768309724B42DEE0033E3CC /* Base */ = {isa = PBXFileReference; lastKnownFileType = file.storyboard; name = Base; path = Base.lproj/LaunchScreen.storyboard; sourceTree = "<group>"; };
		0768309924B42DEE0033E3CC /* Info.plist */ = {isa = PBXFileReference; lastKnownFileType = text.plist.xml; path = Info.plist; sourceTree = "<group>"; };
		0768309E24B42DEE0033E3CC /* LavaRockTests.xctest */ = {isa = PBXFileReference; explicitFileType = wrapper.cfbundle; includeInIndex = 0; path = LavaRockTests.xctest; sourceTree = BUILT_PRODUCTS_DIR; };
		076830A224B42DEE0033E3CC /* LavaRockTests.swift */ = {isa = PBXFileReference; lastKnownFileType = sourcecode.swift; path = LavaRockTests.swift; sourceTree = "<group>"; };
		076830A424B42DEE0033E3CC /* Info.plist */ = {isa = PBXFileReference; lastKnownFileType = text.plist.xml; path = Info.plist; sourceTree = "<group>"; };
		076830A924B42DEF0033E3CC /* LavaRockUITests.xctest */ = {isa = PBXFileReference; explicitFileType = wrapper.cfbundle; includeInIndex = 0; path = LavaRockUITests.xctest; sourceTree = BUILT_PRODUCTS_DIR; };
		076830AD24B42DEF0033E3CC /* LavaRockUITests.swift */ = {isa = PBXFileReference; lastKnownFileType = sourcecode.swift; path = LavaRockUITests.swift; sourceTree = "<group>"; };
		076830AF24B42DEF0033E3CC /* Info.plist */ = {isa = PBXFileReference; lastKnownFileType = text.plist.xml; path = Info.plist; sourceTree = "<group>"; };
		076830BB24B42E3E0033E3CC /* LibraryTVC.swift */ = {isa = PBXFileReference; fileEncoding = 4; lastKnownFileType = sourcecode.swift; path = LibraryTVC.swift; sourceTree = "<group>"; };
		076830BE24B42E3E0033E3CC /* AlbumsTVC.swift */ = {isa = PBXFileReference; fileEncoding = 4; lastKnownFileType = sourcecode.swift; path = AlbumsTVC.swift; sourceTree = "<group>"; };
		076830BF24B42E3F0033E3CC /* CollectionsTVC.swift */ = {isa = PBXFileReference; fileEncoding = 4; lastKnownFileType = sourcecode.swift; path = CollectionsTVC.swift; sourceTree = "<group>"; };
		076830C024B42E3F0033E3CC /* SongsTVC.swift */ = {isa = PBXFileReference; fileEncoding = 4; lastKnownFileType = sourcecode.swift; path = SongsTVC.swift; sourceTree = "<group>"; };
		076830C324B42E3F0033E3CC /* extension UITableViewController.swift */ = {isa = PBXFileReference; fileEncoding = 4; lastKnownFileType = sourcecode.swift; path = "extension UITableViewController.swift"; sourceTree = "<group>"; };
		076830CF24B42E510033E3CC /* Assets.xcassets */ = {isa = PBXFileReference; lastKnownFileType = folder.assetcatalog; path = Assets.xcassets; sourceTree = "<group>"; };
		077E089724FB7AFE007C2479 /* Notifications - LibraryTVC.swift */ = {isa = PBXFileReference; lastKnownFileType = sourcecode.swift; path = "Notifications - LibraryTVC.swift"; sourceTree = "<group>"; };
		0781F1F02599181800781CF8 /* StoreKit.framework */ = {isa = PBXFileReference; lastKnownFileType = wrapper.framework; name = StoreKit.framework; path = System/Library/Frameworks/StoreKit.framework; sourceTree = SDKROOT; };
		0781F1F52599184700781CF8 /* Configuration.storekit */ = {isa = PBXFileReference; lastKnownFileType = text; path = Configuration.storekit; sourceTree = "<group>"; };
		0781F1F925991B3300781CF8 /* UITableView - OptionsTVC.swift */ = {isa = PBXFileReference; lastKnownFileType = sourcecode.swift; path = "UITableView - OptionsTVC.swift"; sourceTree = "<group>"; };
		078307B32512BC59005CDA67 /* AlbumMoverDelegate - AlbumsTVC.swift */ = {isa = PBXFileReference; lastKnownFileType = sourcecode.swift; path = "AlbumMoverDelegate - AlbumsTVC.swift"; sourceTree = "<group>"; };
		07865B242566FBC600DBEB26 /* NowPlayingIndicatorManager - AlbumsTVC.swift */ = {isa = PBXFileReference; lastKnownFileType = sourcecode.swift; path = "NowPlayingIndicatorManager - AlbumsTVC.swift"; sourceTree = "<group>"; };
		07865B312567031C00DBEB26 /* NowPlayingIndicatorManager - CollectionsTVC.swift */ = {isa = PBXFileReference; lastKnownFileType = sourcecode.swift; path = "NowPlayingIndicatorManager - CollectionsTVC.swift"; sourceTree = "<group>"; };
		079B2C9424E227BF00A949FA /* MusicLibraryManager.swift */ = {isa = PBXFileReference; lastKnownFileType = sourcecode.swift; path = MusicLibraryManager.swift; sourceTree = "<group>"; };
		07A3FBCE258EB9B2000B450E /* extension UIFont.swift */ = {isa = PBXFileReference; lastKnownFileType = sourcecode.swift; path = "extension UIFont.swift"; sourceTree = "<group>"; };
		07A4F9042519E72C0065C87E /* func updateManagedObjects.swift */ = {isa = PBXFileReference; lastKnownFileType = sourcecode.swift; path = "func updateManagedObjects.swift"; sourceTree = "<group>"; };
		07A4F9092519E7D20065C87E /* func createManagedObjects.swift */ = {isa = PBXFileReference; lastKnownFileType = sourcecode.swift; path = "func createManagedObjects.swift"; sourceTree = "<group>"; };
		07A4F90E2519E8410065C87E /* func deleteManagedObjects.swift */ = {isa = PBXFileReference; lastKnownFileType = sourcecode.swift; path = "func deleteManagedObjects.swift"; sourceTree = "<group>"; };
		07AE2AA3258C09D900C3A314 /* extension Collection.swift */ = {isa = PBXFileReference; lastKnownFileType = sourcecode.swift; path = "extension Collection.swift"; sourceTree = "<group>"; };
		07BF46D524EEFDC800A663D7 /* protocol NavigationItemTitleCustomizer.swift */ = {isa = PBXFileReference; lastKnownFileType = sourcecode.swift; path = "protocol NavigationItemTitleCustomizer.swift"; sourceTree = "<group>"; };
		07CAB24624EA227F008AC34C /* extension Song.swift */ = {isa = PBXFileReference; lastKnownFileType = sourcecode.swift; path = "extension Song.swift"; sourceTree = "<group>"; };
		07D157EC24D952A600FDF26A /* protocol AlbumMover.swift */ = {isa = PBXFileReference; lastKnownFileType = sourcecode.swift; path = "protocol AlbumMover.swift"; sourceTree = "<group>"; };
		07D9DBF5257C9CA2007EEB87 /* en */ = {isa = PBXFileReference; lastKnownFileType = text.plist.stringsdict; name = en; path = en.lproj/Localizable.stringsdict; sourceTree = "<group>"; };
		07D9DBFB257CA34D007EEB87 /* zh-Hant */ = {isa = PBXFileReference; lastKnownFileType = text.plist.stringsdict; name = "zh-Hant"; path = "zh-Hant.lproj/Localizable.stringsdict"; sourceTree = "<group>"; };
		07DC1B1924F20C9E00AAEEDB /* extension NSManagedObjectContext.swift */ = {isa = PBXFileReference; lastKnownFileType = sourcecode.swift; path = "extension NSManagedObjectContext.swift"; sourceTree = "<group>"; };
		07DC1B1C24F339E000AAEEDB /* Editing - LibraryTVC.swift */ = {isa = PBXFileReference; lastKnownFileType = sourcecode.swift; path = "Editing - LibraryTVC.swift"; sourceTree = "<group>"; };
		07DC1B1F24F33C8C00AAEEDB /* “Moving Albums” Mode - CollectionsTVC.swift */ = {isa = PBXFileReference; lastKnownFileType = sourcecode.swift; path = "“Moving Albums” Mode - CollectionsTVC.swift"; sourceTree = "<group>"; };
		07DC1B2224F33E0400AAEEDB /* “Moving Albums” Mode - AlbumsTVC.swift */ = {isa = PBXFileReference; lastKnownFileType = sourcecode.swift; path = "“Moving Albums” Mode - AlbumsTVC.swift"; sourceTree = "<group>"; };
		07E92A0D2510497B00E9073B /* Song Actions.swift */ = {isa = PBXFileReference; lastKnownFileType = sourcecode.swift; path = "Song Actions.swift"; sourceTree = "<group>"; };
		07E92A132510682C00E9073B /* extension Notification.Name.swift */ = {isa = PBXFileReference; lastKnownFileType = sourcecode.swift; path = "extension Notification.Name.swift"; sourceTree = "<group>"; };
		07F1B91825F15EDB008591C7 /* SectionOfLibraryItems.swift */ = {isa = PBXFileReference; lastKnownFileType = sourcecode.swift; path = SectionOfLibraryItems.swift; sourceTree = "<group>"; };
		07F36BBD24FC3CCA0064282D /* UITableView - LibraryTVC.swift */ = {isa = PBXFileReference; lastKnownFileType = sourcecode.swift; path = "UITableView - LibraryTVC.swift"; sourceTree = "<group>"; };
		07F36BC124FC3F450064282D /* UITableView - CollectionsTVC.swift */ = {isa = PBXFileReference; lastKnownFileType = sourcecode.swift; path = "UITableView - CollectionsTVC.swift"; sourceTree = "<group>"; };
		07F36BC524FC3FE40064282D /* UITableView - AlbumsTVC.swift */ = {isa = PBXFileReference; lastKnownFileType = sourcecode.swift; path = "UITableView - AlbumsTVC.swift"; sourceTree = "<group>"; };
		07F36BC724FC400E0064282D /* UITableView - SongsTVC.swift */ = {isa = PBXFileReference; lastKnownFileType = sourcecode.swift; path = "UITableView - SongsTVC.swift"; sourceTree = "<group>"; };
		07FD6E092599227C00826447 /* PurchaseManager.swift */ = {isa = PBXFileReference; lastKnownFileType = sourcecode.swift; path = PurchaseManager.swift; sourceTree = "<group>"; };
		07FD6E112599246700826447 /* PurchaseManagerTipDelegate - OptionsTVC.swift */ = {isa = PBXFileReference; lastKnownFileType = sourcecode.swift; path = "PurchaseManagerTipDelegate - OptionsTVC.swift"; sourceTree = "<group>"; };
		07FD6E16259925EF00826447 /* Views - OptionsTVC.swift */ = {isa = PBXFileReference; lastKnownFileType = sourcecode.swift; path = "Views - OptionsTVC.swift"; sourceTree = "<group>"; };
/* End PBXFileReference section */

/* Begin PBXFrameworksBuildPhase section */
		0768308224B42DEC0033E3CC /* Frameworks */ = {
			isa = PBXFrameworksBuildPhase;
			buildActionMask = 2147483647;
			files = (
				0781F1F12599181800781CF8 /* StoreKit.framework in Frameworks */,
			);
			runOnlyForDeploymentPostprocessing = 0;
		};
		0768309B24B42DEE0033E3CC /* Frameworks */ = {
			isa = PBXFrameworksBuildPhase;
			buildActionMask = 2147483647;
			files = (
			);
			runOnlyForDeploymentPostprocessing = 0;
		};
		076830A624B42DEF0033E3CC /* Frameworks */ = {
			isa = PBXFrameworksBuildPhase;
			buildActionMask = 2147483647;
			files = (
			);
			runOnlyForDeploymentPostprocessing = 0;
		};
/* End PBXFrameworksBuildPhase section */

/* Begin PBXGroup section */
		0706ABDE24D946870090EB21 /* Options */ = {
			isa = PBXGroup;
			children = (
				073AF48E24D1AD73000C1A6D /* OptionsTVC.swift */,
				0781F1F925991B3300781CF8 /* UITableView - OptionsTVC.swift */,
				07FD6E112599246700826447 /* PurchaseManagerTipDelegate - OptionsTVC.swift */,
				07FD6E16259925EF00826447 /* Views - OptionsTVC.swift */,
			);
			path = Options;
			sourceTree = "<group>";
		};
		070BEA8724C6BD6A008D5299 /* Life Cycle */ = {
			isa = PBXGroup;
			children = (
				0768308824B42DEC0033E3CC /* AppDelegate.swift */,
				0768308A24B42DEC0033E3CC /* SceneDelegate.swift */,
				0768309624B42DEE0033E3CC /* LaunchScreen.storyboard */,
			);
			path = "Life Cycle";
			sourceTree = "<group>";
		};
		070E194224F340C500B21307 /* Songs Level */ = {
			isa = PBXGroup;
			children = (
				076830C024B42E3F0033E3CC /* SongsTVC.swift */,
				071701FE250AAE0E00CBC4C5 /* Notifications - SongsTVC.swift */,
				07F36BC724FC400E0064282D /* UITableView - SongsTVC.swift */,
				072017122557987E0019CA3E /* NowPlayingIndicatorManager - SongsTVC.swift */,
				07E92A0D2510497B00E9073B /* Song Actions.swift */,
				073CDBF224B82BBB00F6D2B1 /* Views - SongsTVC.swift */,
			);
			path = "Songs Level";
			sourceTree = "<group>";
		};
		070E194524F3424500B21307 /* All Levels */ = {
			isa = PBXGroup;
			children = (
				07F1B91825F15EDB008591C7 /* SectionOfLibraryItems.swift */,
				076830BB24B42E3E0033E3CC /* LibraryTVC.swift */,
				077E089724FB7AFE007C2479 /* Notifications - LibraryTVC.swift */,
				073E6A9125574B98003C84A5 /* protocol NowPlayingIndicator.swift */,
				0719B57B2511A61F00748371 /* protocol PlaybackToolbarManager.swift */,
				0719B57D2511CD4E00748371 /* PlaybackToolbarManager - LibraryTVC.swift */,
				07F36BBD24FC3CCA0064282D /* UITableView - LibraryTVC.swift */,
				07DC1B1C24F339E000AAEEDB /* Editing - LibraryTVC.swift */,
			);
			path = "All Levels";
			sourceTree = "<group>";
		};
		070E194624F3434600B21307 /* Moving Albums */ = {
			isa = PBXGroup;
			children = (
				07D157EC24D952A600FDF26A /* protocol AlbumMover.swift */,
				0706ABE024D947850090EB21 /* AlbumMoverClipboard.swift */,
				0765170124DFBF3C0070D77E /* MovedAlbumsToNewCollectionDetector.swift */,
			);
			path = "Moving Albums";
			sourceTree = "<group>";
		};
		0723C8CF254A5FA100C3150F /* Frameworks */ = {
			isa = PBXGroup;
			children = (
				0781F1F02599181800781CF8 /* StoreKit.framework */,
			);
			name = Frameworks;
			sourceTree = "<group>";
		};
		0748AEAF24F394F9000FBC61 /* MusicLibraryManager */ = {
			isa = PBXGroup;
			children = (
				079B2C9424E227BF00A949FA /* MusicLibraryManager.swift */,
				0703ED2424E8D0DA002EF1B4 /* func importChanges.swift */,
				07A4F9042519E72C0065C87E /* func updateManagedObjects.swift */,
				07A4F9092519E7D20065C87E /* func createManagedObjects.swift */,
				07A4F90E2519E8410065C87E /* func deleteManagedObjects.swift */,
			);
			path = MusicLibraryManager;
			sourceTree = "<group>";
		};
		0768307C24B42DEC0033E3CC = {
			isa = PBXGroup;
			children = (
				0781F1F52599184700781CF8 /* Configuration.storekit */,
				0768308724B42DEC0033E3CC /* LavaRock */,
				076830A124B42DEE0033E3CC /* LavaRockTests */,
				076830AC24B42DEF0033E3CC /* LavaRockUITests */,
				0768308624B42DEC0033E3CC /* Products */,
				0723C8CF254A5FA100C3150F /* Frameworks */,
			);
			sourceTree = "<group>";
		};
		0768308624B42DEC0033E3CC /* Products */ = {
			isa = PBXGroup;
			children = (
				0768308524B42DEC0033E3CC /* LavaRock.app */,
				0768309E24B42DEE0033E3CC /* LavaRockTests.xctest */,
				076830A924B42DEF0033E3CC /* LavaRockUITests.xctest */,
			);
			name = Products;
			sourceTree = "<group>";
		};
		0768308724B42DEC0033E3CC /* LavaRock */ = {
			isa = PBXGroup;
			children = (
				0768309924B42DEE0033E3CC /* Info.plist */,
				075218B5257C52390077AE9B /* InfoPlist.strings */,
				076830CF24B42E510033E3CC /* Assets.xcassets */,
				075218A1257C498D0077AE9B /* LocalizedString.swift */,
				075218B8257C52390077AE9B /* Localizable.strings */,
				07D9DBF6257C9CA2007EEB87 /* Localizable.stringsdict */,
				070BEA8724C6BD6A008D5299 /* Life Cycle */,
				076B56CF25C74BB400E147C0 /* Extensions to Foundation */,
				07FC970A24BAC1050036DD3D /* Model */,
				076B56B025C747B100E147C0 /* Singletons */,
				073AF48924D16647000C1A6D /* AccentColor.swift */,
				07E92A15251068E500E9073B /* Extensions to UIKit */,
				075218AF257C4C0C0077AE9B /* Main.storyboard */,
				070E194524F3424500B21307 /* All Levels */,
				070E194624F3434600B21307 /* Moving Albums */,
				07DC1B1E24F33C5100AAEEDB /* Collections Level */,
				0706ABDE24D946870090EB21 /* Options */,
				07BF46D524EEFDC800A663D7 /* protocol NavigationItemTitleCustomizer.swift */,
				07DC1B2124F33DF400AAEEDB /* Albums Level */,
				070E194224F340C500B21307 /* Songs Level */,
			);
			path = LavaRock;
			sourceTree = "<group>";
		};
		076830A124B42DEE0033E3CC /* LavaRockTests */ = {
			isa = PBXGroup;
			children = (
				076830A224B42DEE0033E3CC /* LavaRockTests.swift */,
				076830A424B42DEE0033E3CC /* Info.plist */,
			);
			path = LavaRockTests;
			sourceTree = "<group>";
		};
		076830AC24B42DEF0033E3CC /* LavaRockUITests */ = {
			isa = PBXGroup;
			children = (
				076830AD24B42DEF0033E3CC /* LavaRockUITests.swift */,
				076830AF24B42DEF0033E3CC /* Info.plist */,
			);
			path = LavaRockUITests;
			sourceTree = "<group>";
		};
		076B56B025C747B100E147C0 /* Singletons */ = {
			isa = PBXGroup;
			children = (
				07FD6E092599227C00826447 /* PurchaseManager.swift */,
				07267A1F25537C5800C914A3 /* PlayerControllerManager.swift */,
			);
			path = Singletons;
			sourceTree = "<group>";
		};
		076B56CF25C74BB400E147C0 /* Extensions to Foundation */ = {
			isa = PBXGroup;
			children = (
				07140604259D6958003CA92C /* UserDefaults.swift */,
				07E92A132510682C00E9073B /* extension Notification.Name.swift */,
			);
			path = "Extensions to Foundation";
			sourceTree = "<group>";
		};
		07DC1B1E24F33C5100AAEEDB /* Collections Level */ = {
			isa = PBXGroup;
			children = (
				076830BF24B42E3F0033E3CC /* CollectionsTVC.swift */,
				07170200250B3E9700CBC4C5 /* Notifications - CollectionsTVC.swift */,
				07F36BC124FC3F450064282D /* UITableView - CollectionsTVC.swift */,
				07865B312567031C00DBEB26 /* NowPlayingIndicatorManager - CollectionsTVC.swift */,
				070E194024F33FC800B21307 /* Editing - CollectionsTVC.swift */,
				07DC1B1F24F33C8C00AAEEDB /* “Moving Albums” Mode - CollectionsTVC.swift */,
				073E6A8625562B93003C84A5 /* Views - CollectionsTVC.swift */,
			);
			path = "Collections Level";
			sourceTree = "<group>";
		};
		07DC1B2124F33DF400AAEEDB /* Albums Level */ = {
			isa = PBXGroup;
			children = (
				076830BE24B42E3E0033E3CC /* AlbumsTVC.swift */,
				0720A43425017C6C00E0A28A /* Notifications - AlbumsTVC.swift */,
				07F36BC524FC3FE40064282D /* UITableView - AlbumsTVC.swift */,
				07865B242566FBC600DBEB26 /* NowPlayingIndicatorManager - AlbumsTVC.swift */,
				07DC1B2224F33E0400AAEEDB /* “Moving Albums” Mode - AlbumsTVC.swift */,
				078307B32512BC59005CDA67 /* AlbumMoverDelegate - AlbumsTVC.swift */,
				0736E3A624B8415400A15420 /* Views - AlbumsTVC.swift */,
			);
			path = "Albums Level";
			sourceTree = "<group>";
		};
		07E92A15251068E500E9073B /* Extensions to UIKit */ = {
			isa = PBXGroup;
			children = (
				07A3FBCE258EB9B2000B450E /* extension UIFont.swift */,
				0731AD9F2592F2300077C895 /* extension UIBarButtonItem.swift */,
				072429C324DC786500F62AF6 /* extension UITableView.swift */,
				076830C324B42E3F0033E3CC /* extension UITableViewController.swift */,
			);
			path = "Extensions to UIKit";
			sourceTree = "<group>";
		};
		07FC970A24BAC1050036DD3D /* Model */ = {
			isa = PBXGroup;
			children = (
				07DC1B1924F20C9E00AAEEDB /* extension NSManagedObjectContext.swift */,
				0768309124B42DEC0033E3CC /* LavaRock.xcdatamodeld */,
				0748AEAF24F394F9000FBC61 /* MusicLibraryManager */,
				07AE2AA3258C09D900C3A314 /* extension Collection.swift */,
				0736E3E924B95FD600A15420 /* extension Album.swift */,
				07CAB24624EA227F008AC34C /* extension Song.swift */,
			);
			path = Model;
			sourceTree = "<group>";
		};
/* End PBXGroup section */

/* Begin PBXNativeTarget section */
		0768308424B42DEC0033E3CC /* LavaRock */ = {
			isa = PBXNativeTarget;
			buildConfigurationList = 076830B224B42DEF0033E3CC /* Build configuration list for PBXNativeTarget "LavaRock" */;
			buildPhases = (
				0768308124B42DEC0033E3CC /* Sources */,
				0768308224B42DEC0033E3CC /* Frameworks */,
				0768308324B42DEC0033E3CC /* Resources */,
			);
			buildRules = (
			);
			dependencies = (
			);
			name = LavaRock;
			productName = LavaRock;
			productReference = 0768308524B42DEC0033E3CC /* LavaRock.app */;
			productType = "com.apple.product-type.application";
		};
		0768309D24B42DEE0033E3CC /* LavaRockTests */ = {
			isa = PBXNativeTarget;
			buildConfigurationList = 076830B524B42DEF0033E3CC /* Build configuration list for PBXNativeTarget "LavaRockTests" */;
			buildPhases = (
				0768309A24B42DEE0033E3CC /* Sources */,
				0768309B24B42DEE0033E3CC /* Frameworks */,
				0768309C24B42DEE0033E3CC /* Resources */,
			);
			buildRules = (
			);
			dependencies = (
				076830A024B42DEE0033E3CC /* PBXTargetDependency */,
			);
			name = LavaRockTests;
			productName = LavaRockTests;
			productReference = 0768309E24B42DEE0033E3CC /* LavaRockTests.xctest */;
			productType = "com.apple.product-type.bundle.unit-test";
		};
		076830A824B42DEF0033E3CC /* LavaRockUITests */ = {
			isa = PBXNativeTarget;
			buildConfigurationList = 076830B824B42DEF0033E3CC /* Build configuration list for PBXNativeTarget "LavaRockUITests" */;
			buildPhases = (
				076830A524B42DEF0033E3CC /* Sources */,
				076830A624B42DEF0033E3CC /* Frameworks */,
				076830A724B42DEF0033E3CC /* Resources */,
			);
			buildRules = (
			);
			dependencies = (
				076830AB24B42DEF0033E3CC /* PBXTargetDependency */,
			);
			name = LavaRockUITests;
			productName = LavaRockUITests;
			productReference = 076830A924B42DEF0033E3CC /* LavaRockUITests.xctest */;
			productType = "com.apple.product-type.bundle.ui-testing";
		};
/* End PBXNativeTarget section */

/* Begin PBXProject section */
		0768307D24B42DEC0033E3CC /* Project object */ = {
			isa = PBXProject;
			attributes = {
				LastSwiftUpdateCheck = 1200;
				LastUpgradeCheck = 1200;
				TargetAttributes = {
					0768308424B42DEC0033E3CC = {
						CreatedOnToolsVersion = 12.0;
					};
					0768309D24B42DEE0033E3CC = {
						CreatedOnToolsVersion = 12.0;
						TestTargetID = 0768308424B42DEC0033E3CC;
					};
					076830A824B42DEF0033E3CC = {
						CreatedOnToolsVersion = 12.0;
						TestTargetID = 0768308424B42DEC0033E3CC;
					};
				};
			};
			buildConfigurationList = 0768308024B42DEC0033E3CC /* Build configuration list for PBXProject "LavaRock" */;
			compatibilityVersion = "Xcode 9.3";
			developmentRegion = en;
			hasScannedForEncodings = 0;
			knownRegions = (
				en,
				Base,
				"zh-Hant",
				"zh-Hans",
			);
			mainGroup = 0768307C24B42DEC0033E3CC;
			productRefGroup = 0768308624B42DEC0033E3CC /* Products */;
			projectDirPath = "";
			projectRoot = "";
			targets = (
				0768308424B42DEC0033E3CC /* LavaRock */,
				0768309D24B42DEE0033E3CC /* LavaRockTests */,
				076830A824B42DEF0033E3CC /* LavaRockUITests */,
			);
		};
/* End PBXProject section */

/* Begin PBXResourcesBuildPhase section */
		0768308324B42DEC0033E3CC /* Resources */ = {
			isa = PBXResourcesBuildPhase;
			buildActionMask = 2147483647;
			files = (
				075218BA257C52390077AE9B /* Localizable.strings in Resources */,
				075218AD257C4C0C0077AE9B /* Main.storyboard in Resources */,
				075218B7257C52390077AE9B /* InfoPlist.strings in Resources */,
				076830D024B42E520033E3CC /* Assets.xcassets in Resources */,
				0768309824B42DEE0033E3CC /* LaunchScreen.storyboard in Resources */,
				07D9DBF4257C9CA2007EEB87 /* Localizable.stringsdict in Resources */,
			);
			runOnlyForDeploymentPostprocessing = 0;
		};
		0768309C24B42DEE0033E3CC /* Resources */ = {
			isa = PBXResourcesBuildPhase;
			buildActionMask = 2147483647;
			files = (
			);
			runOnlyForDeploymentPostprocessing = 0;
		};
		076830A724B42DEF0033E3CC /* Resources */ = {
			isa = PBXResourcesBuildPhase;
			buildActionMask = 2147483647;
			files = (
			);
			runOnlyForDeploymentPostprocessing = 0;
		};
/* End PBXResourcesBuildPhase section */

/* Begin PBXSourcesBuildPhase section */
		0768308124B42DEC0033E3CC /* Sources */ = {
			isa = PBXSourcesBuildPhase;
			buildActionMask = 2147483647;
			files = (
				07E92A142510682C00E9073B /* extension Notification.Name.swift in Sources */,
				077E089824FB7AFF007C2479 /* Notifications - LibraryTVC.swift in Sources */,
				0720A43525017C6C00E0A28A /* Notifications - AlbumsTVC.swift in Sources */,
				073AF48F24D1AD73000C1A6D /* OptionsTVC.swift in Sources */,
				07DC1B2024F33C8C00AAEEDB /* “Moving Albums” Mode - CollectionsTVC.swift in Sources */,
				07D157ED24D952A600FDF26A /* protocol AlbumMover.swift in Sources */,
				07A4F90A2519E7D20065C87E /* func createManagedObjects.swift in Sources */,
				07865B322567031C00DBEB26 /* NowPlayingIndicatorManager - CollectionsTVC.swift in Sources */,
				07FD6E122599246700826447 /* PurchaseManagerTipDelegate - OptionsTVC.swift in Sources */,
				0765170224DFBF3C0070D77E /* MovedAlbumsToNewCollectionDetector.swift in Sources */,
				076830CA24B42E400033E3CC /* SongsTVC.swift in Sources */,
				0736E3A724B8415400A15420 /* Views - AlbumsTVC.swift in Sources */,
				07865B252566FBC600DBEB26 /* NowPlayingIndicatorManager - AlbumsTVC.swift in Sources */,
				07DC1B2324F33E0500AAEEDB /* “Moving Albums” Mode - AlbumsTVC.swift in Sources */,
				073E6A9225574B99003C84A5 /* protocol NowPlayingIndicator.swift in Sources */,
				07DC1B1D24F339E000AAEEDB /* Editing - LibraryTVC.swift in Sources */,
				076830CD24B42E400033E3CC /* extension UITableViewController.swift in Sources */,
				0781F1FA25991B3300781CF8 /* UITableView - OptionsTVC.swift in Sources */,
				078307B42512BC59005CDA67 /* AlbumMoverDelegate - AlbumsTVC.swift in Sources */,
				0768309324B42DEC0033E3CC /* LavaRock.xcdatamodeld in Sources */,
				0768308924B42DEC0033E3CC /* AppDelegate.swift in Sources */,
				07267A2025537C5800C914A3 /* PlayerControllerManager.swift in Sources */,
				0703ED2524E8D0DA002EF1B4 /* func importChanges.swift in Sources */,
				07A4F9052519E72C0065C87E /* func updateManagedObjects.swift in Sources */,
				079B2C9524E227BF00A949FA /* MusicLibraryManager.swift in Sources */,
				07F36BC624FC3FE40064282D /* UITableView - AlbumsTVC.swift in Sources */,
				071701FF250AAE0E00CBC4C5 /* Notifications - SongsTVC.swift in Sources */,
				07170201250B3E9700CBC4C5 /* Notifications - CollectionsTVC.swift in Sources */,
				073CDBF324B82BBB00F6D2B1 /* Views - SongsTVC.swift in Sources */,
				07AE2AA4258C09D900C3A314 /* extension Collection.swift in Sources */,
				07F36BC224FC3F450064282D /* UITableView - CollectionsTVC.swift in Sources */,
				076830C924B42E400033E3CC /* CollectionsTVC.swift in Sources */,
				07A4F90F2519E8410065C87E /* func deleteManagedObjects.swift in Sources */,
				07FD6E0A2599227C00826447 /* PurchaseManager.swift in Sources */,
				07E92A0E2510497B00E9073B /* Song Actions.swift in Sources */,
				07F36BBE24FC3CCA0064282D /* UITableView - LibraryTVC.swift in Sources */,
				0731ADA02592F2300077C895 /* extension UIBarButtonItem.swift in Sources */,
				07F1B91925F15EDB008591C7 /* SectionOfLibraryItems.swift in Sources */,
				076830C524B42E3F0033E3CC /* LibraryTVC.swift in Sources */,
				07A3FBCF258EB9B2000B450E /* extension UIFont.swift in Sources */,
				07FD6E17259925EF00826447 /* Views - OptionsTVC.swift in Sources */,
				072429C424DC786500F62AF6 /* extension UITableView.swift in Sources */,
				0719B57E2511CD4E00748371 /* PlaybackToolbarManager - LibraryTVC.swift in Sources */,
				075218A2257C498D0077AE9B /* LocalizedString.swift in Sources */,
				07CAB24724EA227F008AC34C /* extension Song.swift in Sources */,
				0768308B24B42DEC0033E3CC /* SceneDelegate.swift in Sources */,
				0706ABE124D947850090EB21 /* AlbumMoverClipboard.swift in Sources */,
				076830C824B42E400033E3CC /* AlbumsTVC.swift in Sources */,
				072017132557987E0019CA3E /* NowPlayingIndicatorManager - SongsTVC.swift in Sources */,
				0736E3EA24B95FD600A15420 /* extension Album.swift in Sources */,
				07BF46D624EEFDC800A663D7 /* protocol NavigationItemTitleCustomizer.swift in Sources */,
				070E194124F33FC800B21307 /* Editing - CollectionsTVC.swift in Sources */,
				07140605259D6958003CA92C /* UserDefaults.swift in Sources */,
				07F36BC824FC400E0064282D /* UITableView - SongsTVC.swift in Sources */,
				073AF48A24D16647000C1A6D /* AccentColor.swift in Sources */,
				0719B57C2511A61F00748371 /* protocol PlaybackToolbarManager.swift in Sources */,
				07DC1B1A24F20C9E00AAEEDB /* extension NSManagedObjectContext.swift in Sources */,
				073E6A8725562B93003C84A5 /* Views - CollectionsTVC.swift in Sources */,
			);
			runOnlyForDeploymentPostprocessing = 0;
		};
		0768309A24B42DEE0033E3CC /* Sources */ = {
			isa = PBXSourcesBuildPhase;
			buildActionMask = 2147483647;
			files = (
				076830A324B42DEE0033E3CC /* LavaRockTests.swift in Sources */,
			);
			runOnlyForDeploymentPostprocessing = 0;
		};
		076830A524B42DEF0033E3CC /* Sources */ = {
			isa = PBXSourcesBuildPhase;
			buildActionMask = 2147483647;
			files = (
				076830AE24B42DEF0033E3CC /* LavaRockUITests.swift in Sources */,
			);
			runOnlyForDeploymentPostprocessing = 0;
		};
/* End PBXSourcesBuildPhase section */

/* Begin PBXTargetDependency section */
		076830A024B42DEE0033E3CC /* PBXTargetDependency */ = {
			isa = PBXTargetDependency;
			target = 0768308424B42DEC0033E3CC /* LavaRock */;
			targetProxy = 0768309F24B42DEE0033E3CC /* PBXContainerItemProxy */;
		};
		076830AB24B42DEF0033E3CC /* PBXTargetDependency */ = {
			isa = PBXTargetDependency;
			target = 0768308424B42DEC0033E3CC /* LavaRock */;
			targetProxy = 076830AA24B42DEF0033E3CC /* PBXContainerItemProxy */;
		};
/* End PBXTargetDependency section */

/* Begin PBXVariantGroup section */
		075218AF257C4C0C0077AE9B /* Main.storyboard */ = {
			isa = PBXVariantGroup;
			children = (
				075218AE257C4C0C0077AE9B /* Base */,
				075218B1257C4C410077AE9B /* zh-Hant */,
				0732DDC2257F046F005FBEA7 /* zh-Hans */,
			);
			name = Main.storyboard;
			sourceTree = "<group>";
		};
		075218B5257C52390077AE9B /* InfoPlist.strings */ = {
			isa = PBXVariantGroup;
			children = (
				075218B6257C52390077AE9B /* zh-Hant */,
				0732DDBF257F046F005FBEA7 /* zh-Hans */,
			);
			name = InfoPlist.strings;
			sourceTree = "<group>";
		};
		075218B8257C52390077AE9B /* Localizable.strings */ = {
			isa = PBXVariantGroup;
			children = (
				075218B9257C52390077AE9B /* zh-Hant */,
				0732DDC0257F046F005FBEA7 /* zh-Hans */,
			);
			name = Localizable.strings;
			sourceTree = "<group>";
		};
		0768309624B42DEE0033E3CC /* LaunchScreen.storyboard */ = {
			isa = PBXVariantGroup;
			children = (
				0768309724B42DEE0033E3CC /* Base */,
			);
			name = LaunchScreen.storyboard;
			sourceTree = "<group>";
		};
		07D9DBF6257C9CA2007EEB87 /* Localizable.stringsdict */ = {
			isa = PBXVariantGroup;
			children = (
				07D9DBF5257C9CA2007EEB87 /* en */,
				07D9DBFB257CA34D007EEB87 /* zh-Hant */,
				0732DDC1257F046F005FBEA7 /* zh-Hans */,
			);
			name = Localizable.stringsdict;
			sourceTree = "<group>";
		};
/* End PBXVariantGroup section */

/* Begin XCBuildConfiguration section */
		076830B024B42DEF0033E3CC /* Debug */ = {
			isa = XCBuildConfiguration;
			buildSettings = {
				ALWAYS_SEARCH_USER_PATHS = NO;
				CLANG_ANALYZER_LOCALIZABILITY_NONLOCALIZED = YES;
				CLANG_ANALYZER_NONNULL = YES;
				CLANG_ANALYZER_NUMBER_OBJECT_CONVERSION = YES_AGGRESSIVE;
				CLANG_CXX_LANGUAGE_STANDARD = "gnu++14";
				CLANG_CXX_LIBRARY = "libc++";
				CLANG_ENABLE_MODULES = YES;
				CLANG_ENABLE_OBJC_ARC = YES;
				CLANG_ENABLE_OBJC_WEAK = YES;
				CLANG_WARN_BLOCK_CAPTURE_AUTORELEASING = YES;
				CLANG_WARN_BOOL_CONVERSION = YES;
				CLANG_WARN_COMMA = YES;
				CLANG_WARN_CONSTANT_CONVERSION = YES;
				CLANG_WARN_DEPRECATED_OBJC_IMPLEMENTATIONS = YES;
				CLANG_WARN_DIRECT_OBJC_ISA_USAGE = YES_ERROR;
				CLANG_WARN_DOCUMENTATION_COMMENTS = YES;
				CLANG_WARN_EMPTY_BODY = YES;
				CLANG_WARN_ENUM_CONVERSION = YES;
				CLANG_WARN_INFINITE_RECURSION = YES;
				CLANG_WARN_INT_CONVERSION = YES;
				CLANG_WARN_NON_LITERAL_NULL_CONVERSION = YES;
				CLANG_WARN_OBJC_IMPLICIT_RETAIN_SELF = YES;
				CLANG_WARN_OBJC_LITERAL_CONVERSION = YES;
				CLANG_WARN_OBJC_ROOT_CLASS = YES_ERROR;
				CLANG_WARN_QUOTED_INCLUDE_IN_FRAMEWORK_HEADER = YES;
				CLANG_WARN_RANGE_LOOP_ANALYSIS = YES;
				CLANG_WARN_STRICT_PROTOTYPES = YES;
				CLANG_WARN_SUSPICIOUS_MOVE = YES;
				CLANG_WARN_UNGUARDED_AVAILABILITY = YES_AGGRESSIVE;
				CLANG_WARN_UNREACHABLE_CODE = YES;
				CLANG_WARN__DUPLICATE_METHOD_MATCH = YES;
				COPY_PHASE_STRIP = NO;
				DEBUG_INFORMATION_FORMAT = dwarf;
				ENABLE_STRICT_OBJC_MSGSEND = YES;
				ENABLE_TESTABILITY = YES;
				GCC_C_LANGUAGE_STANDARD = gnu11;
				GCC_DYNAMIC_NO_PIC = NO;
				GCC_NO_COMMON_BLOCKS = YES;
				GCC_OPTIMIZATION_LEVEL = 0;
				GCC_PREPROCESSOR_DEFINITIONS = (
					"DEBUG=1",
					"$(inherited)",
				);
				GCC_WARN_64_TO_32_BIT_CONVERSION = YES;
				GCC_WARN_ABOUT_RETURN_TYPE = YES_ERROR;
				GCC_WARN_UNDECLARED_SELECTOR = YES;
				GCC_WARN_UNINITIALIZED_AUTOS = YES_AGGRESSIVE;
				GCC_WARN_UNUSED_FUNCTION = YES;
				GCC_WARN_UNUSED_VARIABLE = YES;
				IPHONEOS_DEPLOYMENT_TARGET = 13.1;
				MTL_ENABLE_DEBUG_INFO = INCLUDE_SOURCE;
				MTL_FAST_MATH = YES;
				ONLY_ACTIVE_ARCH = YES;
				SDKROOT = iphoneos;
				SWIFT_ACTIVE_COMPILATION_CONDITIONS = DEBUG;
				SWIFT_OPTIMIZATION_LEVEL = "-Onone";
			};
			name = Debug;
		};
		076830B124B42DEF0033E3CC /* Release */ = {
			isa = XCBuildConfiguration;
			buildSettings = {
				ALWAYS_SEARCH_USER_PATHS = NO;
				CLANG_ANALYZER_LOCALIZABILITY_NONLOCALIZED = YES;
				CLANG_ANALYZER_NONNULL = YES;
				CLANG_ANALYZER_NUMBER_OBJECT_CONVERSION = YES_AGGRESSIVE;
				CLANG_CXX_LANGUAGE_STANDARD = "gnu++14";
				CLANG_CXX_LIBRARY = "libc++";
				CLANG_ENABLE_MODULES = YES;
				CLANG_ENABLE_OBJC_ARC = YES;
				CLANG_ENABLE_OBJC_WEAK = YES;
				CLANG_WARN_BLOCK_CAPTURE_AUTORELEASING = YES;
				CLANG_WARN_BOOL_CONVERSION = YES;
				CLANG_WARN_COMMA = YES;
				CLANG_WARN_CONSTANT_CONVERSION = YES;
				CLANG_WARN_DEPRECATED_OBJC_IMPLEMENTATIONS = YES;
				CLANG_WARN_DIRECT_OBJC_ISA_USAGE = YES_ERROR;
				CLANG_WARN_DOCUMENTATION_COMMENTS = YES;
				CLANG_WARN_EMPTY_BODY = YES;
				CLANG_WARN_ENUM_CONVERSION = YES;
				CLANG_WARN_INFINITE_RECURSION = YES;
				CLANG_WARN_INT_CONVERSION = YES;
				CLANG_WARN_NON_LITERAL_NULL_CONVERSION = YES;
				CLANG_WARN_OBJC_IMPLICIT_RETAIN_SELF = YES;
				CLANG_WARN_OBJC_LITERAL_CONVERSION = YES;
				CLANG_WARN_OBJC_ROOT_CLASS = YES_ERROR;
				CLANG_WARN_QUOTED_INCLUDE_IN_FRAMEWORK_HEADER = YES;
				CLANG_WARN_RANGE_LOOP_ANALYSIS = YES;
				CLANG_WARN_STRICT_PROTOTYPES = YES;
				CLANG_WARN_SUSPICIOUS_MOVE = YES;
				CLANG_WARN_UNGUARDED_AVAILABILITY = YES_AGGRESSIVE;
				CLANG_WARN_UNREACHABLE_CODE = YES;
				CLANG_WARN__DUPLICATE_METHOD_MATCH = YES;
				COPY_PHASE_STRIP = NO;
				DEBUG_INFORMATION_FORMAT = "dwarf-with-dsym";
				ENABLE_NS_ASSERTIONS = NO;
				ENABLE_STRICT_OBJC_MSGSEND = YES;
				GCC_C_LANGUAGE_STANDARD = gnu11;
				GCC_NO_COMMON_BLOCKS = YES;
				GCC_WARN_64_TO_32_BIT_CONVERSION = YES;
				GCC_WARN_ABOUT_RETURN_TYPE = YES_ERROR;
				GCC_WARN_UNDECLARED_SELECTOR = YES;
				GCC_WARN_UNINITIALIZED_AUTOS = YES_AGGRESSIVE;
				GCC_WARN_UNUSED_FUNCTION = YES;
				GCC_WARN_UNUSED_VARIABLE = YES;
				IPHONEOS_DEPLOYMENT_TARGET = 13.1;
				MTL_ENABLE_DEBUG_INFO = NO;
				MTL_FAST_MATH = YES;
				SDKROOT = iphoneos;
				SWIFT_COMPILATION_MODE = wholemodule;
				SWIFT_OPTIMIZATION_LEVEL = "-O";
				VALIDATE_PRODUCT = YES;
			};
			name = Release;
		};
		076830B324B42DEF0033E3CC /* Debug */ = {
			isa = XCBuildConfiguration;
			buildSettings = {
				ASSETCATALOG_COMPILER_APPICON_NAME = AppIcon;
				ASSETCATALOG_COMPILER_GLOBAL_ACCENT_COLOR_NAME = "";
				CODE_SIGN_IDENTITY = "Apple Development";
				CODE_SIGN_STYLE = Automatic;
				CURRENT_PROJECT_VERSION = 97;
				DEVELOPMENT_TEAM = DN5BFUM2N5;
				INFOPLIST_FILE = LavaRock/Info.plist;
				IPHONEOS_DEPLOYMENT_TARGET = 13.1;
				LD_RUNPATH_SEARCH_PATHS = (
					"$(inherited)",
					"@executable_path/Frameworks",
				);
				MARKETING_VERSION = 1.3.1;
				PRODUCT_BUNDLE_IDENTIFIER = com.loudsounddreams.LavaRockDebug;
				PRODUCT_NAME = "$(TARGET_NAME)";
				PROVISIONING_PROFILE_SPECIFIER = "";
				SWIFT_VERSION = 5.0;
				TARGETED_DEVICE_FAMILY = "1,2";
			};
			name = Debug;
		};
		076830B424B42DEF0033E3CC /* Release */ = {
			isa = XCBuildConfiguration;
			buildSettings = {
				ASSETCATALOG_COMPILER_APPICON_NAME = AppIcon;
				ASSETCATALOG_COMPILER_GLOBAL_ACCENT_COLOR_NAME = "";
				CODE_SIGN_STYLE = Automatic;
				CURRENT_PROJECT_VERSION = 97;
				DEVELOPMENT_TEAM = DN5BFUM2N5;
				INFOPLIST_FILE = LavaRock/Info.plist;
				IPHONEOS_DEPLOYMENT_TARGET = 13.1;
				LD_RUNPATH_SEARCH_PATHS = (
					"$(inherited)",
					"@executable_path/Frameworks",
				);
				MARKETING_VERSION = 1.3.1;
				PRODUCT_BUNDLE_IDENTIFIER = com.loudsounddreams.LavaRock;
				PRODUCT_NAME = "$(TARGET_NAME)";
				SWIFT_VERSION = 5.0;
				TARGETED_DEVICE_FAMILY = "1,2";
			};
			name = Release;
		};
		076830B624B42DEF0033E3CC /* Debug */ = {
			isa = XCBuildConfiguration;
			buildSettings = {
				ALWAYS_EMBED_SWIFT_STANDARD_LIBRARIES = YES;
				BUNDLE_LOADER = "$(TEST_HOST)";
				CODE_SIGN_STYLE = Automatic;
				DEVELOPMENT_TEAM = 8XXAVQ2G93;
				INFOPLIST_FILE = LavaRockTests/Info.plist;
				IPHONEOS_DEPLOYMENT_TARGET = 13.1;
				LD_RUNPATH_SEARCH_PATHS = (
					"$(inherited)",
					"@executable_path/Frameworks",
					"@loader_path/Frameworks",
				);
				PRODUCT_BUNDLE_IDENTIFIER = h.LavaRockTests;
				PRODUCT_NAME = "$(TARGET_NAME)";
				SWIFT_VERSION = 5.0;
				TARGETED_DEVICE_FAMILY = "1,2";
				TEST_HOST = "$(BUILT_PRODUCTS_DIR)/LavaRock.app/LavaRock";
			};
			name = Debug;
		};
		076830B724B42DEF0033E3CC /* Release */ = {
			isa = XCBuildConfiguration;
			buildSettings = {
				ALWAYS_EMBED_SWIFT_STANDARD_LIBRARIES = YES;
				BUNDLE_LOADER = "$(TEST_HOST)";
				CODE_SIGN_STYLE = Automatic;
				DEVELOPMENT_TEAM = 8XXAVQ2G93;
				INFOPLIST_FILE = LavaRockTests/Info.plist;
				IPHONEOS_DEPLOYMENT_TARGET = 13.1;
				LD_RUNPATH_SEARCH_PATHS = (
					"$(inherited)",
					"@executable_path/Frameworks",
					"@loader_path/Frameworks",
				);
				PRODUCT_BUNDLE_IDENTIFIER = h.LavaRockTests;
				PRODUCT_NAME = "$(TARGET_NAME)";
				SWIFT_VERSION = 5.0;
				TARGETED_DEVICE_FAMILY = "1,2";
				TEST_HOST = "$(BUILT_PRODUCTS_DIR)/LavaRock.app/LavaRock";
			};
			name = Release;
		};
		076830B924B42DEF0033E3CC /* Debug */ = {
			isa = XCBuildConfiguration;
			buildSettings = {
				ALWAYS_EMBED_SWIFT_STANDARD_LIBRARIES = YES;
				CODE_SIGN_STYLE = Automatic;
				DEVELOPMENT_TEAM = 8XXAVQ2G93;
				INFOPLIST_FILE = LavaRockUITests/Info.plist;
				LD_RUNPATH_SEARCH_PATHS = (
					"$(inherited)",
					"@executable_path/Frameworks",
					"@loader_path/Frameworks",
				);
				PRODUCT_BUNDLE_IDENTIFIER = h.LavaRockUITests;
				PRODUCT_NAME = "$(TARGET_NAME)";
				SWIFT_VERSION = 5.0;
				TARGETED_DEVICE_FAMILY = "1,2";
				TEST_TARGET_NAME = LavaRock;
			};
			name = Debug;
		};
		076830BA24B42DEF0033E3CC /* Release */ = {
			isa = XCBuildConfiguration;
			buildSettings = {
				ALWAYS_EMBED_SWIFT_STANDARD_LIBRARIES = YES;
				CODE_SIGN_STYLE = Automatic;
				DEVELOPMENT_TEAM = 8XXAVQ2G93;
				INFOPLIST_FILE = LavaRockUITests/Info.plist;
				LD_RUNPATH_SEARCH_PATHS = (
					"$(inherited)",
					"@executable_path/Frameworks",
					"@loader_path/Frameworks",
				);
				PRODUCT_BUNDLE_IDENTIFIER = h.LavaRockUITests;
				PRODUCT_NAME = "$(TARGET_NAME)";
				SWIFT_VERSION = 5.0;
				TARGETED_DEVICE_FAMILY = "1,2";
				TEST_TARGET_NAME = LavaRock;
			};
			name = Release;
		};
/* End XCBuildConfiguration section */

/* Begin XCConfigurationList section */
		0768308024B42DEC0033E3CC /* Build configuration list for PBXProject "LavaRock" */ = {
			isa = XCConfigurationList;
			buildConfigurations = (
				076830B024B42DEF0033E3CC /* Debug */,
				076830B124B42DEF0033E3CC /* Release */,
			);
			defaultConfigurationIsVisible = 0;
			defaultConfigurationName = Release;
		};
		076830B224B42DEF0033E3CC /* Build configuration list for PBXNativeTarget "LavaRock" */ = {
			isa = XCConfigurationList;
			buildConfigurations = (
				076830B324B42DEF0033E3CC /* Debug */,
				076830B424B42DEF0033E3CC /* Release */,
			);
			defaultConfigurationIsVisible = 0;
			defaultConfigurationName = Release;
		};
		076830B524B42DEF0033E3CC /* Build configuration list for PBXNativeTarget "LavaRockTests" */ = {
			isa = XCConfigurationList;
			buildConfigurations = (
				076830B624B42DEF0033E3CC /* Debug */,
				076830B724B42DEF0033E3CC /* Release */,
			);
			defaultConfigurationIsVisible = 0;
			defaultConfigurationName = Release;
		};
		076830B824B42DEF0033E3CC /* Build configuration list for PBXNativeTarget "LavaRockUITests" */ = {
			isa = XCConfigurationList;
			buildConfigurations = (
				076830B924B42DEF0033E3CC /* Debug */,
				076830BA24B42DEF0033E3CC /* Release */,
			);
			defaultConfigurationIsVisible = 0;
			defaultConfigurationName = Release;
		};
/* End XCConfigurationList section */

/* Begin XCVersionGroup section */
		0768309124B42DEC0033E3CC /* LavaRock.xcdatamodeld */ = {
			isa = XCVersionGroup;
			children = (
				0768309224B42DEC0033E3CC /* LavaRock.xcdatamodel */,
			);
			currentVersion = 0768309224B42DEC0033E3CC /* LavaRock.xcdatamodel */;
			path = LavaRock.xcdatamodeld;
			sourceTree = "<group>";
			versionGroupType = wrapper.xcdatamodel;
		};
/* End XCVersionGroup section */
	};
	rootObject = 0768307D24B42DEC0033E3CC /* Project object */;
}
